{
  "nodes": {
    "crane": {
      "locked": {
        "lastModified": 1739053031,
        "narHash": "sha256-LrMDRuwAlRFD2T4MgBSRd1s2VtOE+Vl1oMCNu3RpPE0=",
        "owner": "ipetkov",
        "repo": "crane",
        "rev": "112e6591b2d6313b1bd05a80a754a8ee42432a7e",
        "type": "github"
      },
      "original": {
        "owner": "ipetkov",
        "repo": "crane",
        "type": "github"
      }
    },
    "nixpkgs": {
      "locked": {
        "lastModified": 1739484910,
        "narHash": "sha256-wjWLzdM7PIq4ZAe7k3vyjtgVJn6b0UeodtRFlM/6W5U=",
        "owner": "NixOS",
        "repo": "nixpkgs",
        "rev": "0b73e36b1962620a8ac551a37229dd8662dac5c8",
        "type": "github"
      },
      "original": {
        "owner": "NixOS",
        "ref": "nixos-24.11",
        "repo": "nixpkgs",
        "type": "github"
      }
    },
    "root": {
      "inputs": {
        "crane": "crane",
        "nixpkgs": "nixpkgs"
      }
    }
  },
  "root": "root",
  "version": 7
}
